
Microsoft Visual Studio Solution File, Format Version 12.00
# Visual Studio Version 17
VisualStudioVersion = 17.13.35825.156 d17.13
MinimumVisualStudioVersion = 10.0.40219.1
Project("{888888A0-9F3D-457C-B088-3A5042F75D52}") = "work13", "work13\work13.pyproj", "{461C7C08-ECA5-495B-874D-9F33E346ABBC}"
EndProject
Global
	GlobalSection(SolutionConfigurationPlatforms) = preSolution
		Debug|Any CPU = Debug|Any CPU
		Release|Any CPU = Release|Any CPU
	EndGlobalSection
	GlobalSection(ProjectConfigurationPlatforms) = postSolution
		{461C7C08-ECA5-495B-874D-9F33E346ABBC}.Debug|Any CPU.ActiveCfg = Debug|Any CPU
		{461C7C08-ECA5-495B-874D-9F33E346ABBC}.Release|Any CPU.ActiveCfg = Release|Any CPU
	EndGlobalSection
	GlobalSection(SolutionProperties) = preSolution
		HideSolutionNode = FALSE
	EndGlobalSection
	GlobalSection(ExtensibilityGlobals) = postSolution
		SolutionGuid = {3066E545-DCB0-44C2-94BE-D5F51ADF7636}
	EndGlobalSection
EndGlobal
